
Microsoft Visual Studio Solution File, Format Version 12.00
# Visual Studio Version 17
VisualStudioVersion = 17.2.32516.85
MinimumVisualStudioVersion = 10.0.40219.1
Project("{9A19103F-16F7-4668-BE54-9A1E7A4F7556}") = "MaxSubArraySumTest", "MaxSubArraySum\MaxSubArraySumTest.csproj", "{954987A3-BAEA-4845-AE21-404BC61D98B1}"
EndProject
Project("{9A19103F-16F7-4668-BE54-9A1E7A4F7556}") = "MaxSubArraySumLib", "MaxSubArraySumLib\MaxSubArraySumLib.csproj", "{2F92180E-35C1-4618-A25D-3D38777ECCED}"
EndProject
Project("{9A19103F-16F7-4668-BE54-9A1E7A4F7556}") = "JokenPoLib", "JokenPoLib\JokenPoLib.csproj", "{F9138ABE-1AA8-494A-8F49-3DAA296C2A80}"
EndProject
Project("{9A19103F-16F7-4668-BE54-9A1E7A4F7556}") = "JokenPoTest", "JokenPoTest\JokenPoTest.csproj", "{3FD52944-8BC7-46D1-A05C-0F7AF4C9542B}"
EndProject
Project("{2150E333-8FDC-42A3-9474-1A3956D46DE8}") = "JokenPo", "JokenPo", "{C1431488-EDBA-4937-89B5-F958654454F4}"
EndProject
Project("{2150E333-8FDC-42A3-9474-1A3956D46DE8}") = "MaxSubArraySum", "MaxSubArraySum", "{F097D270-C817-41AB-AB71-F2363CB3215F}"
EndProject
Project("{2150E333-8FDC-42A3-9474-1A3956D46DE8}") = "TempConverter", "TempConverter", "{BF393805-A0B1-4C58-BDDC-7D208FF20288}"
EndProject
Project("{9A19103F-16F7-4668-BE54-9A1E7A4F7556}") = "TempConverterTest", "TempConverterTest\TempConverterTest.csproj", "{FEE44C7E-D17A-4087-B7CA-C9ED78570F84}"
EndProject
Project("{9A19103F-16F7-4668-BE54-9A1E7A4F7556}") = "TempConverterLib", "TempConverterLib\TempConverterLib.csproj", "{1846AA9E-07AB-4814-A767-F5E29CA43CB5}"
EndProject
Project("{9A19103F-16F7-4668-BE54-9A1E7A4F7556}") = "BenchmarkConsole", "BenchmarkConsole\BenchmarkConsole.csproj", "{9C2DA208-3D7B-4886-9BA7-E28FE8A2E783}"
EndProject
Project("{2150E333-8FDC-42A3-9474-1A3956D46DE8}") = "IsEqualWithInvert", "IsEqualWithInvert", "{B12C1BEB-6344-4468-92CD-D24677B20727}"
EndProject
Project("{9A19103F-16F7-4668-BE54-9A1E7A4F7556}") = "IsEqualWithInvertLib", "IsEqualWithInvertLib\IsEqualWithInvertLib.csproj", "{72BBDAD0-85F2-44FE-A8E9-AA29DB7D3FA9}"
EndProject
Project("{9A19103F-16F7-4668-BE54-9A1E7A4F7556}") = "IsEqualWithInvertTest", "IsEqualWithInvertTest\IsEqualWithInvertTest.csproj", "{9667BAB7-161D-45C2-901F-194DBF6D042A}"
EndProject
Project("{2150E333-8FDC-42A3-9474-1A3956D46DE8}") = "MagicBox", "MagicBox", "{907769BF-B9DD-4E5D-83EA-268920EE11AB}"
EndProject
Project("{9A19103F-16F7-4668-BE54-9A1E7A4F7556}") = "MagicBoxLib", "MagicBoxLib\MagicBoxLib.csproj", "{58E3DCFB-B787-46EA-897D-C0FB80EA660F}"
EndProject
Project("{9A19103F-16F7-4668-BE54-9A1E7A4F7556}") = "MagicBoxTest", "MagicBoxTest\MagicBoxTest.csproj", "{88F0A8DC-74B3-42BF-A9D4-1EAC576D8985}"
EndProject
Project("{2150E333-8FDC-42A3-9474-1A3956D46DE8}") = "Pattern", "Pattern", "{D93DC840-1823-4AE1-A261-F310AC388F3A}"
EndProject
Project("{2150E333-8FDC-42A3-9474-1A3956D46DE8}") = "AbstractFactory", "AbstractFactory", "{761284C0-B98D-42DD-9628-BE72FDC97BF1}"
EndProject
Project("{9A19103F-16F7-4668-BE54-9A1E7A4F7556}") = "MobilePlanLib", "MobilePlanLib\MobilePlanLib.csproj", "{8B23B4F3-0BD4-488F-9B3F-EDA2AF34956D}"
EndProject
Project("{9A19103F-16F7-4668-BE54-9A1E7A4F7556}") = "MobilePlanTest", "MobilePlanTest\MobilePlanTest.csproj", "{756214EB-253F-43D6-9B6F-53F754BDC016}"
EndProject
Project("{2150E333-8FDC-42A3-9474-1A3956D46DE8}") = "Composite", "Composite", "{85908F5F-89A8-4A5B-A6A8-9A67A691660E}"
EndProject
Project("{FAE04EC0-301F-11D3-BF4B-00C04F79EFBC}") = "CompositeLib", "CompositeFactoryLib\CompositeLib.csproj", "{69DDB0F1-E006-4656-AAB2-EFBAA4D4874B}"
EndProject
Project("{FAE04EC0-301F-11D3-BF4B-00C04F79EFBC}") = "CompositeTest", "CompositeFactoryTest\CompositeTest.csproj", "{B8387A61-80A3-4D4B-A1B7-4A614B985664}"
EndProject
Project("{2150E333-8FDC-42A3-9474-1A3956D46DE8}") = "Observer", "Observer", "{9FF7E85B-142B-4028-97A7-74C0466A20DE}"
EndProject
Project("{FAE04EC0-301F-11D3-BF4B-00C04F79EFBC}") = "ObserverLib", "ObserverLib\ObserverLib.csproj", "{F24F665E-AFC9-42A8-A425-AA136099C0D7}"
EndProject
Project("{FAE04EC0-301F-11D3-BF4B-00C04F79EFBC}") = "ObserverTest", "ObserverTest\ObserverTest.csproj", "{91118172-3423-4FE2-92F6-759CAF837EA2}"
EndProject
Global
	GlobalSection(SolutionConfigurationPlatforms) = preSolution
		Debug|Any CPU = Debug|Any CPU
		Release|Any CPU = Release|Any CPU
	EndGlobalSection
	GlobalSection(ProjectConfigurationPlatforms) = postSolution
		{954987A3-BAEA-4845-AE21-404BC61D98B1}.Debug|Any CPU.ActiveCfg = Debug|Any CPU
		{954987A3-BAEA-4845-AE21-404BC61D98B1}.Debug|Any CPU.Build.0 = Debug|Any CPU
		{954987A3-BAEA-4845-AE21-404BC61D98B1}.Release|Any CPU.ActiveCfg = Release|Any CPU
		{954987A3-BAEA-4845-AE21-404BC61D98B1}.Release|Any CPU.Build.0 = Release|Any CPU
		{2F92180E-35C1-4618-A25D-3D38777ECCED}.Debug|Any CPU.ActiveCfg = Debug|Any CPU
		{2F92180E-35C1-4618-A25D-3D38777ECCED}.Debug|Any CPU.Build.0 = Debug|Any CPU
		{2F92180E-35C1-4618-A25D-3D38777ECCED}.Release|Any CPU.ActiveCfg = Release|Any CPU
		{2F92180E-35C1-4618-A25D-3D38777ECCED}.Release|Any CPU.Build.0 = Release|Any CPU
		{F9138ABE-1AA8-494A-8F49-3DAA296C2A80}.Debug|Any CPU.ActiveCfg = Debug|Any CPU
		{F9138ABE-1AA8-494A-8F49-3DAA296C2A80}.Debug|Any CPU.Build.0 = Debug|Any CPU
		{F9138ABE-1AA8-494A-8F49-3DAA296C2A80}.Release|Any CPU.ActiveCfg = Release|Any CPU
		{F9138ABE-1AA8-494A-8F49-3DAA296C2A80}.Release|Any CPU.Build.0 = Release|Any CPU
		{3FD52944-8BC7-46D1-A05C-0F7AF4C9542B}.Debug|Any CPU.ActiveCfg = Debug|Any CPU
		{3FD52944-8BC7-46D1-A05C-0F7AF4C9542B}.Debug|Any CPU.Build.0 = Debug|Any CPU
		{3FD52944-8BC7-46D1-A05C-0F7AF4C9542B}.Release|Any CPU.ActiveCfg = Release|Any CPU
		{3FD52944-8BC7-46D1-A05C-0F7AF4C9542B}.Release|Any CPU.Build.0 = Release|Any CPU
		{FEE44C7E-D17A-4087-B7CA-C9ED78570F84}.Debug|Any CPU.ActiveCfg = Debug|Any CPU
		{FEE44C7E-D17A-4087-B7CA-C9ED78570F84}.Debug|Any CPU.Build.0 = Debug|Any CPU
		{FEE44C7E-D17A-4087-B7CA-C9ED78570F84}.Release|Any CPU.ActiveCfg = Release|Any CPU
		{FEE44C7E-D17A-4087-B7CA-C9ED78570F84}.Release|Any CPU.Build.0 = Release|Any CPU
		{1846AA9E-07AB-4814-A767-F5E29CA43CB5}.Debug|Any CPU.ActiveCfg = Debug|Any CPU
		{1846AA9E-07AB-4814-A767-F5E29CA43CB5}.Debug|Any CPU.Build.0 = Debug|Any CPU
		{1846AA9E-07AB-4814-A767-F5E29CA43CB5}.Release|Any CPU.ActiveCfg = Release|Any CPU
		{1846AA9E-07AB-4814-A767-F5E29CA43CB5}.Release|Any CPU.Build.0 = Release|Any CPU
		{9C2DA208-3D7B-4886-9BA7-E28FE8A2E783}.Debug|Any CPU.ActiveCfg = Debug|Any CPU
		{9C2DA208-3D7B-4886-9BA7-E28FE8A2E783}.Debug|Any CPU.Build.0 = Debug|Any CPU
		{9C2DA208-3D7B-4886-9BA7-E28FE8A2E783}.Release|Any CPU.ActiveCfg = Release|Any CPU
		{9C2DA208-3D7B-4886-9BA7-E28FE8A2E783}.Release|Any CPU.Build.0 = Release|Any CPU
		{72BBDAD0-85F2-44FE-A8E9-AA29DB7D3FA9}.Debug|Any CPU.ActiveCfg = Debug|Any CPU
		{72BBDAD0-85F2-44FE-A8E9-AA29DB7D3FA9}.Debug|Any CPU.Build.0 = Debug|Any CPU
		{72BBDAD0-85F2-44FE-A8E9-AA29DB7D3FA9}.Release|Any CPU.ActiveCfg = Release|Any CPU
		{72BBDAD0-85F2-44FE-A8E9-AA29DB7D3FA9}.Release|Any CPU.Build.0 = Release|Any CPU
		{9667BAB7-161D-45C2-901F-194DBF6D042A}.Debug|Any CPU.ActiveCfg = Debug|Any CPU
		{9667BAB7-161D-45C2-901F-194DBF6D042A}.Debug|Any CPU.Build.0 = Debug|Any CPU
		{9667BAB7-161D-45C2-901F-194DBF6D042A}.Release|Any CPU.ActiveCfg = Release|Any CPU
		{9667BAB7-161D-45C2-901F-194DBF6D042A}.Release|Any CPU.Build.0 = Release|Any CPU
		{58E3DCFB-B787-46EA-897D-C0FB80EA660F}.Debug|Any CPU.ActiveCfg = Debug|Any CPU
		{58E3DCFB-B787-46EA-897D-C0FB80EA660F}.Debug|Any CPU.Build.0 = Debug|Any CPU
		{58E3DCFB-B787-46EA-897D-C0FB80EA660F}.Release|Any CPU.ActiveCfg = Release|Any CPU
		{58E3DCFB-B787-46EA-897D-C0FB80EA660F}.Release|Any CPU.Build.0 = Release|Any CPU
		{88F0A8DC-74B3-42BF-A9D4-1EAC576D8985}.Debug|Any CPU.ActiveCfg = Debug|Any CPU
		{88F0A8DC-74B3-42BF-A9D4-1EAC576D8985}.Debug|Any CPU.Build.0 = Debug|Any CPU
		{88F0A8DC-74B3-42BF-A9D4-1EAC576D8985}.Release|Any CPU.ActiveCfg = Release|Any CPU
		{88F0A8DC-74B3-42BF-A9D4-1EAC576D8985}.Release|Any CPU.Build.0 = Release|Any CPU
		{8B23B4F3-0BD4-488F-9B3F-EDA2AF34956D}.Debug|Any CPU.ActiveCfg = Debug|Any CPU
		{8B23B4F3-0BD4-488F-9B3F-EDA2AF34956D}.Debug|Any CPU.Build.0 = Debug|Any CPU
		{8B23B4F3-0BD4-488F-9B3F-EDA2AF34956D}.Release|Any CPU.ActiveCfg = Release|Any CPU
		{8B23B4F3-0BD4-488F-9B3F-EDA2AF34956D}.Release|Any CPU.Build.0 = Release|Any CPU
		{756214EB-253F-43D6-9B6F-53F754BDC016}.Debug|Any CPU.ActiveCfg = Debug|Any CPU
		{756214EB-253F-43D6-9B6F-53F754BDC016}.Debug|Any CPU.Build.0 = Debug|Any CPU
		{756214EB-253F-43D6-9B6F-53F754BDC016}.Release|Any CPU.ActiveCfg = Release|Any CPU
		{756214EB-253F-43D6-9B6F-53F754BDC016}.Release|Any CPU.Build.0 = Release|Any CPU
		{69DDB0F1-E006-4656-AAB2-EFBAA4D4874B}.Debug|Any CPU.ActiveCfg = Debug|Any CPU
		{69DDB0F1-E006-4656-AAB2-EFBAA4D4874B}.Debug|Any CPU.Build.0 = Debug|Any CPU
		{69DDB0F1-E006-4656-AAB2-EFBAA4D4874B}.Release|Any CPU.ActiveCfg = Release|Any CPU
		{69DDB0F1-E006-4656-AAB2-EFBAA4D4874B}.Release|Any CPU.Build.0 = Release|Any CPU
		{B8387A61-80A3-4D4B-A1B7-4A614B985664}.Debug|Any CPU.ActiveCfg = Debug|Any CPU
		{B8387A61-80A3-4D4B-A1B7-4A614B985664}.Debug|Any CPU.Build.0 = Debug|Any CPU
		{B8387A61-80A3-4D4B-A1B7-4A614B985664}.Release|Any CPU.ActiveCfg = Release|Any CPU
		{B8387A61-80A3-4D4B-A1B7-4A614B985664}.Release|Any CPU.Build.0 = Release|Any CPU
		{F24F665E-AFC9-42A8-A425-AA136099C0D7}.Debug|Any CPU.ActiveCfg = Debug|Any CPU
		{F24F665E-AFC9-42A8-A425-AA136099C0D7}.Debug|Any CPU.Build.0 = Debug|Any CPU
		{F24F665E-AFC9-42A8-A425-AA136099C0D7}.Release|Any CPU.ActiveCfg = Release|Any CPU
		{F24F665E-AFC9-42A8-A425-AA136099C0D7}.Release|Any CPU.Build.0 = Release|Any CPU
		{91118172-3423-4FE2-92F6-759CAF837EA2}.Debug|Any CPU.ActiveCfg = Debug|Any CPU
		{91118172-3423-4FE2-92F6-759CAF837EA2}.Debug|Any CPU.Build.0 = Debug|Any CPU
		{91118172-3423-4FE2-92F6-759CAF837EA2}.Release|Any CPU.ActiveCfg = Release|Any CPU
		{91118172-3423-4FE2-92F6-759CAF837EA2}.Release|Any CPU.Build.0 = Release|Any CPU
	EndGlobalSection
	GlobalSection(SolutionProperties) = preSolution
		HideSolutionNode = FALSE
	EndGlobalSection
	GlobalSection(NestedProjects) = preSolution
		{954987A3-BAEA-4845-AE21-404BC61D98B1} = {F097D270-C817-41AB-AB71-F2363CB3215F}
		{2F92180E-35C1-4618-A25D-3D38777ECCED} = {F097D270-C817-41AB-AB71-F2363CB3215F}
		{F9138ABE-1AA8-494A-8F49-3DAA296C2A80} = {C1431488-EDBA-4937-89B5-F958654454F4}
		{3FD52944-8BC7-46D1-A05C-0F7AF4C9542B} = {C1431488-EDBA-4937-89B5-F958654454F4}
		{FEE44C7E-D17A-4087-B7CA-C9ED78570F84} = {BF393805-A0B1-4C58-BDDC-7D208FF20288}
		{1846AA9E-07AB-4814-A767-F5E29CA43CB5} = {BF393805-A0B1-4C58-BDDC-7D208FF20288}
		{72BBDAD0-85F2-44FE-A8E9-AA29DB7D3FA9} = {B12C1BEB-6344-4468-92CD-D24677B20727}
		{9667BAB7-161D-45C2-901F-194DBF6D042A} = {B12C1BEB-6344-4468-92CD-D24677B20727}
		{58E3DCFB-B787-46EA-897D-C0FB80EA660F} = {907769BF-B9DD-4E5D-83EA-268920EE11AB}
		{88F0A8DC-74B3-42BF-A9D4-1EAC576D8985} = {907769BF-B9DD-4E5D-83EA-268920EE11AB}
		{761284C0-B98D-42DD-9628-BE72FDC97BF1} = {D93DC840-1823-4AE1-A261-F310AC388F3A}
		{8B23B4F3-0BD4-488F-9B3F-EDA2AF34956D} = {761284C0-B98D-42DD-9628-BE72FDC97BF1}
		{756214EB-253F-43D6-9B6F-53F754BDC016} = {761284C0-B98D-42DD-9628-BE72FDC97BF1}
		{85908F5F-89A8-4A5B-A6A8-9A67A691660E} = {D93DC840-1823-4AE1-A261-F310AC388F3A}
		{69DDB0F1-E006-4656-AAB2-EFBAA4D4874B} = {85908F5F-89A8-4A5B-A6A8-9A67A691660E}
		{B8387A61-80A3-4D4B-A1B7-4A614B985664} = {85908F5F-89A8-4A5B-A6A8-9A67A691660E}
		{9FF7E85B-142B-4028-97A7-74C0466A20DE} = {D93DC840-1823-4AE1-A261-F310AC388F3A}
		{F24F665E-AFC9-42A8-A425-AA136099C0D7} = {9FF7E85B-142B-4028-97A7-74C0466A20DE}
		{91118172-3423-4FE2-92F6-759CAF837EA2} = {9FF7E85B-142B-4028-97A7-74C0466A20DE}
	EndGlobalSection
	GlobalSection(ExtensibilityGlobals) = postSolution
		SolutionGuid = {AD0D8B95-CF63-4B56-BCA2-3C7F15FDE21C}
	EndGlobalSection
EndGlobal
