
Microsoft Visual Studio Solution File, Format Version 12.00
# Visual Studio Version 17
VisualStudioVersion = 17.2.32516.85
MinimumVisualStudioVersion = 10.0.40219.1
Project("{FAE04EC0-301F-11D3-BF4B-00C04F79EFBC}") = "MaxSubArraySumTest", "MaxSubArraySum\MaxSubArraySumTest.csproj", "{954987A3-BAEA-4845-AE21-404BC61D98B1}"
EndProject
Project("{FAE04EC0-301F-11D3-BF4B-00C04F79EFBC}") = "MaxSubArraySumLib", "MaxSubArraySumLib\MaxSubArraySumLib.csproj", "{2F92180E-35C1-4618-A25D-3D38777ECCED}"
EndProject
Project("{FAE04EC0-301F-11D3-BF4B-00C04F79EFBC}") = "JokenPoLib", "JokenPoLib\JokenPoLib.csproj", "{F9138ABE-1AA8-494A-8F49-3DAA296C2A80}"
EndProject
Project("{FAE04EC0-301F-11D3-BF4B-00C04F79EFBC}") = "JokenPoTest", "JokenPoTest\JokenPoTest.csproj", "{3FD52944-8BC7-46D1-A05C-0F7AF4C9542B}"
EndProject
Global
	GlobalSection(SolutionConfigurationPlatforms) = preSolution
		Debug|Any CPU = Debug|Any CPU
		Release|Any CPU = Release|Any CPU
	EndGlobalSection
	GlobalSection(ProjectConfigurationPlatforms) = postSolution
		{954987A3-BAEA-4845-AE21-404BC61D98B1}.Debug|Any CPU.ActiveCfg = Debug|Any CPU
		{954987A3-BAEA-4845-AE21-404BC61D98B1}.Debug|Any CPU.Build.0 = Debug|Any CPU
		{954987A3-BAEA-4845-AE21-404BC61D98B1}.Release|Any CPU.ActiveCfg = Release|Any CPU
		{954987A3-BAEA-4845-AE21-404BC61D98B1}.Release|Any CPU.Build.0 = Release|Any CPU
		{2F92180E-35C1-4618-A25D-3D38777ECCED}.Debug|Any CPU.ActiveCfg = Debug|Any CPU
		{2F92180E-35C1-4618-A25D-3D38777ECCED}.Debug|Any CPU.Build.0 = Debug|Any CPU
		{2F92180E-35C1-4618-A25D-3D38777ECCED}.Release|Any CPU.ActiveCfg = Release|Any CPU
		{2F92180E-35C1-4618-A25D-3D38777ECCED}.Release|Any CPU.Build.0 = Release|Any CPU
		{F9138ABE-1AA8-494A-8F49-3DAA296C2A80}.Debug|Any CPU.ActiveCfg = Debug|Any CPU
		{F9138ABE-1AA8-494A-8F49-3DAA296C2A80}.Debug|Any CPU.Build.0 = Debug|Any CPU
		{F9138ABE-1AA8-494A-8F49-3DAA296C2A80}.Release|Any CPU.ActiveCfg = Release|Any CPU
		{F9138ABE-1AA8-494A-8F49-3DAA296C2A80}.Release|Any CPU.Build.0 = Release|Any CPU
		{3FD52944-8BC7-46D1-A05C-0F7AF4C9542B}.Debug|Any CPU.ActiveCfg = Debug|Any CPU
		{3FD52944-8BC7-46D1-A05C-0F7AF4C9542B}.Debug|Any CPU.Build.0 = Debug|Any CPU
		{3FD52944-8BC7-46D1-A05C-0F7AF4C9542B}.Release|Any CPU.ActiveCfg = Release|Any CPU
		{3FD52944-8BC7-46D1-A05C-0F7AF4C9542B}.Release|Any CPU.Build.0 = Release|Any CPU
	EndGlobalSection
	GlobalSection(SolutionProperties) = preSolution
		HideSolutionNode = FALSE
	EndGlobalSection
	GlobalSection(ExtensibilityGlobals) = postSolution
		SolutionGuid = {AD0D8B95-CF63-4B56-BCA2-3C7F15FDE21C}
	EndGlobalSection
EndGlobal
